// !$*UTF8*$!
{
	archiveVersion = 1;
	classes = {
	};
	objectVersion = 51;
	objects = {

/* Begin PBXBuildFile section */
		2546DDB47B033C963759A7FF /* Pods_TaskProjector.framework in Frameworks */ = {isa = PBXBuildFile; fileRef = B724FC8131AC8DDBCA68F607 /* Pods_TaskProjector.framework */; };
		992A4DEA23E4EB1B00DEA71F /* AppDelegate.swift in Sources */ = {isa = PBXBuildFile; fileRef = 992A4DE923E4EB1B00DEA71F /* AppDelegate.swift */; };
		992A4DEC23E4EB1B00DEA71F /* SceneDelegate.swift in Sources */ = {isa = PBXBuildFile; fileRef = 992A4DEB23E4EB1B00DEA71F /* SceneDelegate.swift */; };
		992A4DF323E4EB1E00DEA71F /* Assets.xcassets in Resources */ = {isa = PBXBuildFile; fileRef = 992A4DF223E4EB1E00DEA71F /* Assets.xcassets */; };
		992A4DF623E4EB1E00DEA71F /* LaunchScreen.storyboard in Resources */ = {isa = PBXBuildFile; fileRef = 992A4DF423E4EB1E00DEA71F /* LaunchScreen.storyboard */; };
		992A4E0123E4EB1E00DEA71F /* TaskProjectorTests.swift in Sources */ = {isa = PBXBuildFile; fileRef = 992A4E0023E4EB1E00DEA71F /* TaskProjectorTests.swift */; };
		992A4E0C23E4EB1E00DEA71F /* TaskProjectorUITests.swift in Sources */ = {isa = PBXBuildFile; fileRef = 992A4E0B23E4EB1E00DEA71F /* TaskProjectorUITests.swift */; };
		992A4E2023E4EF6800DEA71F /* Coordinator.swift in Sources */ = {isa = PBXBuildFile; fileRef = 992A4E1F23E4EF6800DEA71F /* Coordinator.swift */; };
		992A4E2223E4F07E00DEA71F /* MainCoordinator.swift in Sources */ = {isa = PBXBuildFile; fileRef = 992A4E2123E4F07E00DEA71F /* MainCoordinator.swift */; };
		992A4E2523E4F36600DEA71F /* NextTasksViewController.swift in Sources */ = {isa = PBXBuildFile; fileRef = 992A4E2323E4F36600DEA71F /* NextTasksViewController.swift */; };
		992A4E2623E4F36600DEA71F /* NextTasksViewController.xib in Resources */ = {isa = PBXBuildFile; fileRef = 992A4E2423E4F36600DEA71F /* NextTasksViewController.xib */; };
		992A4E2C23E4FF2200DEA71F /* Category.swift in Sources */ = {isa = PBXBuildFile; fileRef = 992A4E2B23E4FF2200DEA71F /* Category.swift */; };
		992A4E3123E5005400DEA71F /* TaskGroupType.swift in Sources */ = {isa = PBXBuildFile; fileRef = 992A4E3023E5005400DEA71F /* TaskGroupType.swift */; };
		992A4E3323E5005A00DEA71F /* CompletableState.swift in Sources */ = {isa = PBXBuildFile; fileRef = 992A4E3223E5005A00DEA71F /* CompletableState.swift */; };
		992A4E3523E5006400DEA71F /* NonCompletableState.swift in Sources */ = {isa = PBXBuildFile; fileRef = 992A4E3423E5006400DEA71F /* NonCompletableState.swift */; };
		992A4E3723E500E500DEA71F /* Task.swift in Sources */ = {isa = PBXBuildFile; fileRef = 992A4E3623E500E500DEA71F /* Task.swift */; };
		992A4E3B23E500F000DEA71F /* Area.swift in Sources */ = {isa = PBXBuildFile; fileRef = 992A4E3A23E500F000DEA71F /* Area.swift */; };
		992A4E3D23E500FC00DEA71F /* Tag.swift in Sources */ = {isa = PBXBuildFile; fileRef = 992A4E3C23E500FC00DEA71F /* Tag.swift */; };
		992A4E4723E64EEE00DEA71F /* TaskTableViewCell.swift in Sources */ = {isa = PBXBuildFile; fileRef = 992A4E4523E64EEE00DEA71F /* TaskTableViewCell.swift */; };
		992A4E4823E64EEE00DEA71F /* TaskTableViewCell.xib in Resources */ = {isa = PBXBuildFile; fileRef = 992A4E4623E64EEE00DEA71F /* TaskTableViewCell.xib */; };
		99335E9823E6759800F98187 /* TaskViewDelegate.swift in Sources */ = {isa = PBXBuildFile; fileRef = 99335E9723E6759800F98187 /* TaskViewDelegate.swift */; };
		99335E9A23E67A4C00F98187 /* TaskView.swift in Sources */ = {isa = PBXBuildFile; fileRef = 99335E9923E67A4C00F98187 /* TaskView.swift */; };
		99335E9C23E67BF700F98187 /* UIAlert+Convenience.swift in Sources */ = {isa = PBXBuildFile; fileRef = 99335E9B23E67BF700F98187 /* UIAlert+Convenience.swift */; };
		99335E9E23E746A700F98187 /* TaskController.swift in Sources */ = {isa = PBXBuildFile; fileRef = 99335E9D23E746A700F98187 /* TaskController.swift */; };
		99335EA023E75B2800F98187 /* RealmController.swift in Sources */ = {isa = PBXBuildFile; fileRef = 99335E9F23E75B2800F98187 /* RealmController.swift */; };
		99335EA823E7774600F98187 /* TagSubview.swift in Sources */ = {isa = PBXBuildFile; fileRef = 99335EA723E7774600F98187 /* TagSubview.swift */; };
		99335EB223E7B86400F98187 /* TaskCreationClient.swift in Sources */ = {isa = PBXBuildFile; fileRef = 99335EB123E7B86400F98187 /* TaskCreationClient.swift */; };
		99335EB523E879C700F98187 /* AddTaskViewController.swift in Sources */ = {isa = PBXBuildFile; fileRef = 99335EB323E879C700F98187 /* AddTaskViewController.swift */; };
		99335EB823E87A2D00F98187 /* ShiftableViewController.swift in Sources */ = {isa = PBXBuildFile; fileRef = 99335EB723E87A2D00F98187 /* ShiftableViewController.swift */; };
		99335EBA23E8C03100F98187 /* AddTaskCoordinator.swift in Sources */ = {isa = PBXBuildFile; fileRef = 99335EB923E8C03100F98187 /* AddTaskCoordinator.swift */; };
		99335EBC23E8C4E100F98187 /* NewTaskAttribute.swift in Sources */ = {isa = PBXBuildFile; fileRef = 99335EBB23E8C4E100F98187 /* NewTaskAttribute.swift */; };
		99335EBE23E8C7A000F98187 /* NextTasksDelegate.swift in Sources */ = {isa = PBXBuildFile; fileRef = 99335EBD23E8C7A000F98187 /* NextTasksDelegate.swift */; };
		99335EC023E8CB5A00F98187 /* CategoryType.swift in Sources */ = {isa = PBXBuildFile; fileRef = 99335EBF23E8CB5A00F98187 /* CategoryType.swift */; };
		99335EC223EA0B5E00F98187 /* CategoryPickerView.swift in Sources */ = {isa = PBXBuildFile; fileRef = 99335EC123EA0B5E00F98187 /* CategoryPickerView.swift */; };
		99335EC423EA11BC00F98187 /* TagPickerView.swift in Sources */ = {isa = PBXBuildFile; fileRef = 99335EC323EA11BC00F98187 /* TagPickerView.swift */; };
		99335EC623EA144F00F98187 /* String+Constants.swift in Sources */ = {isa = PBXBuildFile; fileRef = 99335EC523EA144F00F98187 /* String+Constants.swift */; };
		99335EC823EA224B00F98187 /* CategoryPickerDataSource.swift in Sources */ = {isa = PBXBuildFile; fileRef = 99335EC723EA224B00F98187 /* CategoryPickerDataSource.swift */; };
		99335ECA23EA246F00F98187 /* TagPickerDataSource.swift in Sources */ = {isa = PBXBuildFile; fileRef = 99335EC923EA246F00F98187 /* TagPickerDataSource.swift */; };
		99335ECC23EA3DA600F98187 /* Main.storyboard in Resources */ = {isa = PBXBuildFile; fileRef = 99335ECB23EA3DA600F98187 /* Main.storyboard */; };
		99335ECF23EA3E1A00F98187 /* TaskTitleViewController.swift in Sources */ = {isa = PBXBuildFile; fileRef = 99335ECE23EA3E1A00F98187 /* TaskTitleViewController.swift */; };
		99335ED323EA43CE00F98187 /* TaskCategoryViewController.swift in Sources */ = {isa = PBXBuildFile; fileRef = 99335ED223EA43CE00F98187 /* TaskCategoryViewController.swift */; };
		99335ED523EA45B800F98187 /* TaskTimeEstimateViewController.swift in Sources */ = {isa = PBXBuildFile; fileRef = 99335ED423EA45B800F98187 /* TaskTimeEstimateViewController.swift */; };
		99335ED723EA482700F98187 /* TaskDueDateViewController.swift in Sources */ = {isa = PBXBuildFile; fileRef = 99335ED623EA482700F98187 /* TaskDueDateViewController.swift */; };
		99335ED923EA495400F98187 /* TaskTagViewController.swift in Sources */ = {isa = PBXBuildFile; fileRef = 99335ED823EA495400F98187 /* TaskTagViewController.swift */; };
		99335EDA23EA5C8E00F98187 /* TaskEditAllViewController.swift in Sources */ = {isa = PBXBuildFile; fileRef = 99335ED023EA3EE000F98187 /* TaskEditAllViewController.swift */; };
		99335EDC23EB36DD00F98187 /* TimeInterval+TimePeriods.swift in Sources */ = {isa = PBXBuildFile; fileRef = 99335EDB23EB36DD00F98187 /* TimeInterval+TimePeriods.swift */; };
		99335EDE23EB3EEB00F98187 /* Rescaler.swift in Sources */ = {isa = PBXBuildFile; fileRef = 99335EDD23EB3EEB00F98187 /* Rescaler.swift */; };
		99335EE023EB718500F98187 /* DueState.swift in Sources */ = {isa = PBXBuildFile; fileRef = 99335EDF23EB718400F98187 /* DueState.swift */; };
		99335EE223EB8F6400F98187 /* TagsTableViewController.swift in Sources */ = {isa = PBXBuildFile; fileRef = 99335EE123EB8F6400F98187 /* TagsTableViewController.swift */; };
		99335EE423EB8FAD00F98187 /* TagsCoordinator.swift in Sources */ = {isa = PBXBuildFile; fileRef = 99335EE323EB8FAD00F98187 /* TagsCoordinator.swift */; };
		99335EE623EB965700F98187 /* TagDetailViewController.swift in Sources */ = {isa = PBXBuildFile; fileRef = 99335EE523EB965700F98187 /* TagDetailViewController.swift */; };
		99335EE923EBA0C400F98187 /* TagMapViewController.swift in Sources */ = {isa = PBXBuildFile; fileRef = 99335EE823EBA0C400F98187 /* TagMapViewController.swift */; };
		99335EED23EC63A000F98187 /* Tag+MapAnnotation.swift in Sources */ = {isa = PBXBuildFile; fileRef = 99335EEC23EC63A000F98187 /* Tag+MapAnnotation.swift */; };
		99335EEF23EC652F00F98187 /* LocationHelper.swift in Sources */ = {isa = PBXBuildFile; fileRef = 99335EEE23EC652F00F98187 /* LocationHelper.swift */; };
		99335EF123EC77B500F98187 /* UIViewController+InitFromSB.swift in Sources */ = {isa = PBXBuildFile; fileRef = 99335EF023EC77B500F98187 /* UIViewController+InitFromSB.swift */; };
		99335EF323EC789300F98187 /* StoryboardInitializable.swift in Sources */ = {isa = PBXBuildFile; fileRef = 99335EF223EC789300F98187 /* StoryboardInitializable.swift */; };
		99335EF523ECA82200F98187 /* Sorting.swift in Sources */ = {isa = PBXBuildFile; fileRef = 99335EF423ECA82200F98187 /* Sorting.swift */; };
		994ECC5623ECB5DE004CD42B /* NearbyTasksViewController.swift in Sources */ = {isa = PBXBuildFile; fileRef = 994ECC5523ECB5DE004CD42B /* NearbyTasksViewController.swift */; };
		A380E098E5A3D78DED09B773 /* Pods_TaskProjectorTests.framework in Frameworks */ = {isa = PBXBuildFile; fileRef = EB9AA95380ECC2CCD7B9F08C /* Pods_TaskProjectorTests.framework */; };
		D9BA2C23278BEEFF5CF4976B /* Pods_TaskProjector_TaskProjectorUITests.framework in Frameworks */ = {isa = PBXBuildFile; fileRef = C6E6B48F29C1C1B2D6529E20 /* Pods_TaskProjector_TaskProjectorUITests.framework */; };
/* End PBXBuildFile section */

/* Begin PBXContainerItemProxy section */
		992A4DFD23E4EB1E00DEA71F /* PBXContainerItemProxy */ = {
			isa = PBXContainerItemProxy;
			containerPortal = 992A4DDE23E4EB1B00DEA71F /* Project object */;
			proxyType = 1;
			remoteGlobalIDString = 992A4DE523E4EB1B00DEA71F;
			remoteInfo = TaskProjector;
		};
		992A4E0823E4EB1E00DEA71F /* PBXContainerItemProxy */ = {
			isa = PBXContainerItemProxy;
			containerPortal = 992A4DDE23E4EB1B00DEA71F /* Project object */;
			proxyType = 1;
			remoteGlobalIDString = 992A4DE523E4EB1B00DEA71F;
			remoteInfo = TaskProjector;
		};
/* End PBXContainerItemProxy section */

/* Begin PBXFileReference section */
		1584A00DD3607D161BC5B17F /* Pods-TaskProjectorTests.release.xcconfig */ = {isa = PBXFileReference; includeInIndex = 1; lastKnownFileType = text.xcconfig; name = "Pods-TaskProjectorTests.release.xcconfig"; path = "Target Support Files/Pods-TaskProjectorTests/Pods-TaskProjectorTests.release.xcconfig"; sourceTree = "<group>"; };
		1F440FDF72CFC4F94E5ADE7A /* Pods-TaskProjector-TaskProjectorUITests.release.xcconfig */ = {isa = PBXFileReference; includeInIndex = 1; lastKnownFileType = text.xcconfig; name = "Pods-TaskProjector-TaskProjectorUITests.release.xcconfig"; path = "Target Support Files/Pods-TaskProjector-TaskProjectorUITests/Pods-TaskProjector-TaskProjectorUITests.release.xcconfig"; sourceTree = "<group>"; };
		66A1B30D15AD1E3B28A88204 /* Pods-TaskProjectorTests.debug.xcconfig */ = {isa = PBXFileReference; includeInIndex = 1; lastKnownFileType = text.xcconfig; name = "Pods-TaskProjectorTests.debug.xcconfig"; path = "Target Support Files/Pods-TaskProjectorTests/Pods-TaskProjectorTests.debug.xcconfig"; sourceTree = "<group>"; };
		992A4DE623E4EB1B00DEA71F /* TaskProjector.app */ = {isa = PBXFileReference; explicitFileType = wrapper.application; includeInIndex = 0; path = TaskProjector.app; sourceTree = BUILT_PRODUCTS_DIR; };
		992A4DE923E4EB1B00DEA71F /* AppDelegate.swift */ = {isa = PBXFileReference; lastKnownFileType = sourcecode.swift; path = AppDelegate.swift; sourceTree = "<group>"; };
		992A4DEB23E4EB1B00DEA71F /* SceneDelegate.swift */ = {isa = PBXFileReference; lastKnownFileType = sourcecode.swift; path = SceneDelegate.swift; sourceTree = "<group>"; };
		992A4DF223E4EB1E00DEA71F /* Assets.xcassets */ = {isa = PBXFileReference; lastKnownFileType = folder.assetcatalog; path = Assets.xcassets; sourceTree = "<group>"; };
		992A4DF523E4EB1E00DEA71F /* Base */ = {isa = PBXFileReference; lastKnownFileType = file.storyboard; name = Base; path = Base.lproj/LaunchScreen.storyboard; sourceTree = "<group>"; };
		992A4DF723E4EB1E00DEA71F /* Info.plist */ = {isa = PBXFileReference; lastKnownFileType = text.plist.xml; path = Info.plist; sourceTree = "<group>"; };
		992A4DFC23E4EB1E00DEA71F /* TaskProjectorTests.xctest */ = {isa = PBXFileReference; explicitFileType = wrapper.cfbundle; includeInIndex = 0; path = TaskProjectorTests.xctest; sourceTree = BUILT_PRODUCTS_DIR; };
		992A4E0023E4EB1E00DEA71F /* TaskProjectorTests.swift */ = {isa = PBXFileReference; lastKnownFileType = sourcecode.swift; path = TaskProjectorTests.swift; sourceTree = "<group>"; };
		992A4E0223E4EB1E00DEA71F /* Info.plist */ = {isa = PBXFileReference; lastKnownFileType = text.plist.xml; path = Info.plist; sourceTree = "<group>"; };
		992A4E0723E4EB1E00DEA71F /* TaskProjectorUITests.xctest */ = {isa = PBXFileReference; explicitFileType = wrapper.cfbundle; includeInIndex = 0; path = TaskProjectorUITests.xctest; sourceTree = BUILT_PRODUCTS_DIR; };
		992A4E0B23E4EB1E00DEA71F /* TaskProjectorUITests.swift */ = {isa = PBXFileReference; lastKnownFileType = sourcecode.swift; path = TaskProjectorUITests.swift; sourceTree = "<group>"; };
		992A4E0D23E4EB1E00DEA71F /* Info.plist */ = {isa = PBXFileReference; lastKnownFileType = text.plist.xml; path = Info.plist; sourceTree = "<group>"; };
		992A4E1F23E4EF6800DEA71F /* Coordinator.swift */ = {isa = PBXFileReference; lastKnownFileType = sourcecode.swift; path = Coordinator.swift; sourceTree = "<group>"; };
		992A4E2123E4F07E00DEA71F /* MainCoordinator.swift */ = {isa = PBXFileReference; lastKnownFileType = sourcecode.swift; path = MainCoordinator.swift; sourceTree = "<group>"; };
		992A4E2323E4F36600DEA71F /* NextTasksViewController.swift */ = {isa = PBXFileReference; lastKnownFileType = sourcecode.swift; path = NextTasksViewController.swift; sourceTree = "<group>"; };
		992A4E2423E4F36600DEA71F /* NextTasksViewController.xib */ = {isa = PBXFileReference; lastKnownFileType = file.xib; path = NextTasksViewController.xib; sourceTree = "<group>"; };
		992A4E2B23E4FF2200DEA71F /* Category.swift */ = {isa = PBXFileReference; lastKnownFileType = sourcecode.swift; path = Category.swift; sourceTree = "<group>"; };
		992A4E3023E5005400DEA71F /* TaskGroupType.swift */ = {isa = PBXFileReference; lastKnownFileType = sourcecode.swift; path = TaskGroupType.swift; sourceTree = "<group>"; };
		992A4E3223E5005A00DEA71F /* CompletableState.swift */ = {isa = PBXFileReference; lastKnownFileType = sourcecode.swift; path = CompletableState.swift; sourceTree = "<group>"; };
		992A4E3423E5006400DEA71F /* NonCompletableState.swift */ = {isa = PBXFileReference; lastKnownFileType = sourcecode.swift; path = NonCompletableState.swift; sourceTree = "<group>"; };
		992A4E3623E500E500DEA71F /* Task.swift */ = {isa = PBXFileReference; lastKnownFileType = sourcecode.swift; path = Task.swift; sourceTree = "<group>"; };
		992A4E3A23E500F000DEA71F /* Area.swift */ = {isa = PBXFileReference; lastKnownFileType = sourcecode.swift; path = Area.swift; sourceTree = "<group>"; };
		992A4E3C23E500FC00DEA71F /* Tag.swift */ = {isa = PBXFileReference; lastKnownFileType = sourcecode.swift; path = Tag.swift; sourceTree = "<group>"; };
		992A4E4523E64EEE00DEA71F /* TaskTableViewCell.swift */ = {isa = PBXFileReference; lastKnownFileType = sourcecode.swift; path = TaskTableViewCell.swift; sourceTree = "<group>"; };
		992A4E4623E64EEE00DEA71F /* TaskTableViewCell.xib */ = {isa = PBXFileReference; lastKnownFileType = file.xib; path = TaskTableViewCell.xib; sourceTree = "<group>"; };
		99335E9723E6759800F98187 /* TaskViewDelegate.swift */ = {isa = PBXFileReference; lastKnownFileType = sourcecode.swift; path = TaskViewDelegate.swift; sourceTree = "<group>"; };
		99335E9923E67A4C00F98187 /* TaskView.swift */ = {isa = PBXFileReference; lastKnownFileType = sourcecode.swift; path = TaskView.swift; sourceTree = "<group>"; };
		99335E9B23E67BF700F98187 /* UIAlert+Convenience.swift */ = {isa = PBXFileReference; lastKnownFileType = sourcecode.swift; path = "UIAlert+Convenience.swift"; sourceTree = "<group>"; };
		99335E9D23E746A700F98187 /* TaskController.swift */ = {isa = PBXFileReference; lastKnownFileType = sourcecode.swift; path = TaskController.swift; sourceTree = "<group>"; };
		99335E9F23E75B2800F98187 /* RealmController.swift */ = {isa = PBXFileReference; lastKnownFileType = sourcecode.swift; path = RealmController.swift; sourceTree = "<group>"; };
		99335EA723E7774600F98187 /* TagSubview.swift */ = {isa = PBXFileReference; lastKnownFileType = sourcecode.swift; path = TagSubview.swift; sourceTree = "<group>"; };
		99335EB123E7B86400F98187 /* TaskCreationClient.swift */ = {isa = PBXFileReference; fileEncoding = 4; lastKnownFileType = sourcecode.swift; path = TaskCreationClient.swift; sourceTree = "<group>"; };
		99335EB323E879C700F98187 /* AddTaskViewController.swift */ = {isa = PBXFileReference; lastKnownFileType = sourcecode.swift; path = AddTaskViewController.swift; sourceTree = "<group>"; };
		99335EB723E87A2D00F98187 /* ShiftableViewController.swift */ = {isa = PBXFileReference; fileEncoding = 4; lastKnownFileType = sourcecode.swift; path = ShiftableViewController.swift; sourceTree = "<group>"; };
		99335EB923E8C03100F98187 /* AddTaskCoordinator.swift */ = {isa = PBXFileReference; lastKnownFileType = sourcecode.swift; path = AddTaskCoordinator.swift; sourceTree = "<group>"; };
		99335EBB23E8C4E100F98187 /* NewTaskAttribute.swift */ = {isa = PBXFileReference; lastKnownFileType = sourcecode.swift; path = NewTaskAttribute.swift; sourceTree = "<group>"; };
		99335EBD23E8C7A000F98187 /* NextTasksDelegate.swift */ = {isa = PBXFileReference; lastKnownFileType = sourcecode.swift; path = NextTasksDelegate.swift; sourceTree = "<group>"; };
		99335EBF23E8CB5A00F98187 /* CategoryType.swift */ = {isa = PBXFileReference; lastKnownFileType = sourcecode.swift; path = CategoryType.swift; sourceTree = "<group>"; };
		99335EC123EA0B5E00F98187 /* CategoryPickerView.swift */ = {isa = PBXFileReference; lastKnownFileType = sourcecode.swift; path = CategoryPickerView.swift; sourceTree = "<group>"; };
		99335EC323EA11BC00F98187 /* TagPickerView.swift */ = {isa = PBXFileReference; lastKnownFileType = sourcecode.swift; path = TagPickerView.swift; sourceTree = "<group>"; };
		99335EC523EA144F00F98187 /* String+Constants.swift */ = {isa = PBXFileReference; lastKnownFileType = sourcecode.swift; path = "String+Constants.swift"; sourceTree = "<group>"; };
		99335EC723EA224B00F98187 /* CategoryPickerDataSource.swift */ = {isa = PBXFileReference; lastKnownFileType = sourcecode.swift; path = CategoryPickerDataSource.swift; sourceTree = "<group>"; };
		99335EC923EA246F00F98187 /* TagPickerDataSource.swift */ = {isa = PBXFileReference; lastKnownFileType = sourcecode.swift; path = TagPickerDataSource.swift; sourceTree = "<group>"; };
		99335ECB23EA3DA600F98187 /* Main.storyboard */ = {isa = PBXFileReference; lastKnownFileType = file.storyboard; path = Main.storyboard; sourceTree = "<group>"; };
		99335ECE23EA3E1A00F98187 /* TaskTitleViewController.swift */ = {isa = PBXFileReference; lastKnownFileType = sourcecode.swift; path = TaskTitleViewController.swift; sourceTree = "<group>"; };
		99335ED023EA3EE000F98187 /* TaskEditAllViewController.swift */ = {isa = PBXFileReference; lastKnownFileType = sourcecode.swift; path = TaskEditAllViewController.swift; sourceTree = "<group>"; };
		99335ED223EA43CE00F98187 /* TaskCategoryViewController.swift */ = {isa = PBXFileReference; lastKnownFileType = sourcecode.swift; path = TaskCategoryViewController.swift; sourceTree = "<group>"; };
		99335ED423EA45B800F98187 /* TaskTimeEstimateViewController.swift */ = {isa = PBXFileReference; lastKnownFileType = sourcecode.swift; path = TaskTimeEstimateViewController.swift; sourceTree = "<group>"; };
		99335ED623EA482700F98187 /* TaskDueDateViewController.swift */ = {isa = PBXFileReference; lastKnownFileType = sourcecode.swift; path = TaskDueDateViewController.swift; sourceTree = "<group>"; };
		99335ED823EA495400F98187 /* TaskTagViewController.swift */ = {isa = PBXFileReference; lastKnownFileType = sourcecode.swift; path = TaskTagViewController.swift; sourceTree = "<group>"; };
		99335EDB23EB36DD00F98187 /* TimeInterval+TimePeriods.swift */ = {isa = PBXFileReference; lastKnownFileType = sourcecode.swift; path = "TimeInterval+TimePeriods.swift"; sourceTree = "<group>"; };
		99335EDD23EB3EEB00F98187 /* Rescaler.swift */ = {isa = PBXFileReference; lastKnownFileType = sourcecode.swift; path = Rescaler.swift; sourceTree = "<group>"; };
		99335EDF23EB718400F98187 /* DueState.swift */ = {isa = PBXFileReference; lastKnownFileType = sourcecode.swift; path = DueState.swift; sourceTree = "<group>"; };
		99335EE123EB8F6400F98187 /* TagsTableViewController.swift */ = {isa = PBXFileReference; lastKnownFileType = sourcecode.swift; path = TagsTableViewController.swift; sourceTree = "<group>"; };
		99335EE323EB8FAD00F98187 /* TagsCoordinator.swift */ = {isa = PBXFileReference; lastKnownFileType = sourcecode.swift; path = TagsCoordinator.swift; sourceTree = "<group>"; };
		99335EE523EB965700F98187 /* TagDetailViewController.swift */ = {isa = PBXFileReference; lastKnownFileType = sourcecode.swift; path = TagDetailViewController.swift; sourceTree = "<group>"; };
		99335EE823EBA0C400F98187 /* TagMapViewController.swift */ = {isa = PBXFileReference; lastKnownFileType = sourcecode.swift; path = TagMapViewController.swift; sourceTree = "<group>"; };
		99335EEC23EC63A000F98187 /* Tag+MapAnnotation.swift */ = {isa = PBXFileReference; lastKnownFileType = sourcecode.swift; path = "Tag+MapAnnotation.swift"; sourceTree = "<group>"; };
		99335EEE23EC652F00F98187 /* LocationHelper.swift */ = {isa = PBXFileReference; lastKnownFileType = sourcecode.swift; path = LocationHelper.swift; sourceTree = "<group>"; };
		99335EF023EC77B500F98187 /* UIViewController+InitFromSB.swift */ = {isa = PBXFileReference; lastKnownFileType = sourcecode.swift; path = "UIViewController+InitFromSB.swift"; sourceTree = "<group>"; };
		99335EF223EC789300F98187 /* StoryboardInitializable.swift */ = {isa = PBXFileReference; lastKnownFileType = sourcecode.swift; path = StoryboardInitializable.swift; sourceTree = "<group>"; };
		99335EF423ECA82200F98187 /* Sorting.swift */ = {isa = PBXFileReference; lastKnownFileType = sourcecode.swift; path = Sorting.swift; sourceTree = "<group>"; };
		994ECC5523ECB5DE004CD42B /* NearbyTasksViewController.swift */ = {isa = PBXFileReference; lastKnownFileType = sourcecode.swift; path = NearbyTasksViewController.swift; sourceTree = "<group>"; };
		B724FC8131AC8DDBCA68F607 /* Pods_TaskProjector.framework */ = {isa = PBXFileReference; explicitFileType = wrapper.framework; includeInIndex = 0; path = Pods_TaskProjector.framework; sourceTree = BUILT_PRODUCTS_DIR; };
		C6E6B48F29C1C1B2D6529E20 /* Pods_TaskProjector_TaskProjectorUITests.framework */ = {isa = PBXFileReference; explicitFileType = wrapper.framework; includeInIndex = 0; path = Pods_TaskProjector_TaskProjectorUITests.framework; sourceTree = BUILT_PRODUCTS_DIR; };
		CF6F83FC6EEBE92D041878DA /* Pods-TaskProjector-TaskProjectorUITests.debug.xcconfig */ = {isa = PBXFileReference; includeInIndex = 1; lastKnownFileType = text.xcconfig; name = "Pods-TaskProjector-TaskProjectorUITests.debug.xcconfig"; path = "Target Support Files/Pods-TaskProjector-TaskProjectorUITests/Pods-TaskProjector-TaskProjectorUITests.debug.xcconfig"; sourceTree = "<group>"; };
		D4FFE3A45CD84EEB5FC94D96 /* Pods-TaskProjector.release.xcconfig */ = {isa = PBXFileReference; includeInIndex = 1; lastKnownFileType = text.xcconfig; name = "Pods-TaskProjector.release.xcconfig"; path = "Target Support Files/Pods-TaskProjector/Pods-TaskProjector.release.xcconfig"; sourceTree = "<group>"; };
		E72094232E015FC31EC1B7D7 /* Pods-TaskProjector.debug.xcconfig */ = {isa = PBXFileReference; includeInIndex = 1; lastKnownFileType = text.xcconfig; name = "Pods-TaskProjector.debug.xcconfig"; path = "Target Support Files/Pods-TaskProjector/Pods-TaskProjector.debug.xcconfig"; sourceTree = "<group>"; };
		EB9AA95380ECC2CCD7B9F08C /* Pods_TaskProjectorTests.framework */ = {isa = PBXFileReference; explicitFileType = wrapper.framework; includeInIndex = 0; path = Pods_TaskProjectorTests.framework; sourceTree = BUILT_PRODUCTS_DIR; };
/* End PBXFileReference section */

/* Begin PBXFrameworksBuildPhase section */
		992A4DE323E4EB1B00DEA71F /* Frameworks */ = {
			isa = PBXFrameworksBuildPhase;
			buildActionMask = 2147483647;
			files = (
				2546DDB47B033C963759A7FF /* Pods_TaskProjector.framework in Frameworks */,
			);
			runOnlyForDeploymentPostprocessing = 0;
		};
		992A4DF923E4EB1E00DEA71F /* Frameworks */ = {
			isa = PBXFrameworksBuildPhase;
			buildActionMask = 2147483647;
			files = (
				A380E098E5A3D78DED09B773 /* Pods_TaskProjectorTests.framework in Frameworks */,
			);
			runOnlyForDeploymentPostprocessing = 0;
		};
		992A4E0423E4EB1E00DEA71F /* Frameworks */ = {
			isa = PBXFrameworksBuildPhase;
			buildActionMask = 2147483647;
			files = (
				D9BA2C23278BEEFF5CF4976B /* Pods_TaskProjector_TaskProjectorUITests.framework in Frameworks */,
			);
			runOnlyForDeploymentPostprocessing = 0;
		};
/* End PBXFrameworksBuildPhase section */

/* Begin PBXGroup section */
		073DD1E1600E54CA976B3E85 /* Pods */ = {
			isa = PBXGroup;
			children = (
				E72094232E015FC31EC1B7D7 /* Pods-TaskProjector.debug.xcconfig */,
				D4FFE3A45CD84EEB5FC94D96 /* Pods-TaskProjector.release.xcconfig */,
				CF6F83FC6EEBE92D041878DA /* Pods-TaskProjector-TaskProjectorUITests.debug.xcconfig */,
				1F440FDF72CFC4F94E5ADE7A /* Pods-TaskProjector-TaskProjectorUITests.release.xcconfig */,
				66A1B30D15AD1E3B28A88204 /* Pods-TaskProjectorTests.debug.xcconfig */,
				1584A00DD3607D161BC5B17F /* Pods-TaskProjectorTests.release.xcconfig */,
			);
			path = Pods;
			sourceTree = "<group>";
		};
		078249DEFD4FDC793A21DC28 /* Frameworks */ = {
			isa = PBXGroup;
			children = (
				B724FC8131AC8DDBCA68F607 /* Pods_TaskProjector.framework */,
				C6E6B48F29C1C1B2D6529E20 /* Pods_TaskProjector_TaskProjectorUITests.framework */,
				EB9AA95380ECC2CCD7B9F08C /* Pods_TaskProjectorTests.framework */,
			);
			name = Frameworks;
			sourceTree = "<group>";
		};
		992A4DDD23E4EB1B00DEA71F = {
			isa = PBXGroup;
			children = (
				992A4DE823E4EB1B00DEA71F /* TaskProjector */,
				992A4DFF23E4EB1E00DEA71F /* TaskProjectorTests */,
				992A4E0A23E4EB1E00DEA71F /* TaskProjectorUITests */,
				992A4DE723E4EB1B00DEA71F /* Products */,
				073DD1E1600E54CA976B3E85 /* Pods */,
				078249DEFD4FDC793A21DC28 /* Frameworks */,
			);
			sourceTree = "<group>";
		};
		992A4DE723E4EB1B00DEA71F /* Products */ = {
			isa = PBXGroup;
			children = (
				992A4DE623E4EB1B00DEA71F /* TaskProjector.app */,
				992A4DFC23E4EB1E00DEA71F /* TaskProjectorTests.xctest */,
				992A4E0723E4EB1E00DEA71F /* TaskProjectorUITests.xctest */,
			);
			name = Products;
			sourceTree = "<group>";
		};
		992A4DE823E4EB1B00DEA71F /* TaskProjector */ = {
			isa = PBXGroup;
			children = (
				992A4E1B23E4ED5F00DEA71F /* Coordinators */,
				992A4E1923E4ED3500DEA71F /* Views */,
				992A4E1A23E4ED5800DEA71F /* View Controllers */,
				992A4E1C23E4ED6800DEA71F /* Model Controllers */,
				992A4E1D23E4ED6D00DEA71F /* Models */,
				992A4E2723E4F7B400DEA71F /* Helpers */,
				992A4E1E23E4ED7200DEA71F /* Application */,
			);
			path = TaskProjector;
			sourceTree = "<group>";
		};
		992A4DFF23E4EB1E00DEA71F /* TaskProjectorTests */ = {
			isa = PBXGroup;
			children = (
				992A4E0023E4EB1E00DEA71F /* TaskProjectorTests.swift */,
				992A4E0223E4EB1E00DEA71F /* Info.plist */,
			);
			path = TaskProjectorTests;
			sourceTree = "<group>";
		};
		992A4E0A23E4EB1E00DEA71F /* TaskProjectorUITests */ = {
			isa = PBXGroup;
			children = (
				992A4E0B23E4EB1E00DEA71F /* TaskProjectorUITests.swift */,
				992A4E0D23E4EB1E00DEA71F /* Info.plist */,
			);
			path = TaskProjectorUITests;
			sourceTree = "<group>";
		};
		992A4E1923E4ED3500DEA71F /* Views */ = {
			isa = PBXGroup;
			children = (
				992A4E4523E64EEE00DEA71F /* TaskTableViewCell.swift */,
				992A4E4623E64EEE00DEA71F /* TaskTableViewCell.xib */,
				99335EA723E7774600F98187 /* TagSubview.swift */,
				99335EC123EA0B5E00F98187 /* CategoryPickerView.swift */,
				99335EC323EA11BC00F98187 /* TagPickerView.swift */,
			);
			path = Views;
			sourceTree = "<group>";
		};
		992A4E1A23E4ED5800DEA71F /* View Controllers */ = {
			isa = PBXGroup;
			children = (
				992A4E2323E4F36600DEA71F /* NextTasksViewController.swift */,
				992A4E2423E4F36600DEA71F /* NextTasksViewController.xib */,
				994ECC5523ECB5DE004CD42B /* NearbyTasksViewController.swift */,
				99335ECD23EA3E0000F98187 /* Add Edit Task */,
				99335EE723EB967100F98187 /* Tags */,
				99335EB723E87A2D00F98187 /* ShiftableViewController.swift */,
			);
			path = "View Controllers";
			sourceTree = "<group>";
		};
		992A4E1B23E4ED5F00DEA71F /* Coordinators */ = {
			isa = PBXGroup;
			children = (
				992A4E2123E4F07E00DEA71F /* MainCoordinator.swift */,
				99335EB923E8C03100F98187 /* AddTaskCoordinator.swift */,
				99335EE323EB8FAD00F98187 /* TagsCoordinator.swift */,
			);
			path = Coordinators;
			sourceTree = "<group>";
		};
		992A4E1C23E4ED6800DEA71F /* Model Controllers */ = {
			isa = PBXGroup;
			children = (
				99335E9D23E746A700F98187 /* TaskController.swift */,
				99335E9F23E75B2800F98187 /* RealmController.swift */,
				99335EC723EA224B00F98187 /* CategoryPickerDataSource.swift */,
				99335EC923EA246F00F98187 /* TagPickerDataSource.swift */,
				99335EEE23EC652F00F98187 /* LocationHelper.swift */,
			);
			path = "Model Controllers";
			sourceTree = "<group>";
		};
		992A4E1D23E4ED6D00DEA71F /* Models */ = {
			isa = PBXGroup;
			children = (
				992A4E3623E500E500DEA71F /* Task.swift */,
				992A4E3A23E500F000DEA71F /* Area.swift */,
				992A4E3C23E500FC00DEA71F /* Tag.swift */,
				99335EEC23EC63A000F98187 /* Tag+MapAnnotation.swift */,
				992A4E2F23E5003A00DEA71F /* Enums */,
				992A4E2A23E4FE3F00DEA71F /* Protocols */,
			);
			path = Models;
			sourceTree = "<group>";
		};
		992A4E1E23E4ED7200DEA71F /* Application */ = {
			isa = PBXGroup;
			children = (
				99335ECB23EA3DA600F98187 /* Main.storyboard */,
				992A4DE923E4EB1B00DEA71F /* AppDelegate.swift */,
				992A4DEB23E4EB1B00DEA71F /* SceneDelegate.swift */,
				992A4DF223E4EB1E00DEA71F /* Assets.xcassets */,
				992A4DF423E4EB1E00DEA71F /* LaunchScreen.storyboard */,
				992A4DF723E4EB1E00DEA71F /* Info.plist */,
			);
			path = Application;
			sourceTree = "<group>";
		};
		992A4E2723E4F7B400DEA71F /* Helpers */ = {
			isa = PBXGroup;
			children = (
				99335E9B23E67BF700F98187 /* UIAlert+Convenience.swift */,
				99335EC523EA144F00F98187 /* String+Constants.swift */,
				99335EDB23EB36DD00F98187 /* TimeInterval+TimePeriods.swift */,
				99335EDD23EB3EEB00F98187 /* Rescaler.swift */,
				99335EF023EC77B500F98187 /* UIViewController+InitFromSB.swift */,
				99335EF423ECA82200F98187 /* Sorting.swift */,
			);
			path = Helpers;
			sourceTree = "<group>";
		};
		992A4E2A23E4FE3F00DEA71F /* Protocols */ = {
			isa = PBXGroup;
			children = (
				992A4E2B23E4FF2200DEA71F /* Category.swift */,
				992A4E1F23E4EF6800DEA71F /* Coordinator.swift */,
				99335E9923E67A4C00F98187 /* TaskView.swift */,
				99335E9723E6759800F98187 /* TaskViewDelegate.swift */,
				99335EBD23E8C7A000F98187 /* NextTasksDelegate.swift */,
				99335EB123E7B86400F98187 /* TaskCreationClient.swift */,
				99335EF223EC789300F98187 /* StoryboardInitializable.swift */,
			);
			path = Protocols;
			sourceTree = "<group>";
		};
		992A4E2F23E5003A00DEA71F /* Enums */ = {
			isa = PBXGroup;
			children = (
				992A4E3223E5005A00DEA71F /* CompletableState.swift */,
				992A4E3423E5006400DEA71F /* NonCompletableState.swift */,
				992A4E3023E5005400DEA71F /* TaskGroupType.swift */,
				99335EBF23E8CB5A00F98187 /* CategoryType.swift */,
				99335EBB23E8C4E100F98187 /* NewTaskAttribute.swift */,
				99335EDF23EB718400F98187 /* DueState.swift */,
			);
			path = Enums;
			sourceTree = "<group>";
		};
		99335ECD23EA3E0000F98187 /* Add Edit Task */ = {
			isa = PBXGroup;
			children = (
				99335EB323E879C700F98187 /* AddTaskViewController.swift */,
				99335ECE23EA3E1A00F98187 /* TaskTitleViewController.swift */,
				99335ED223EA43CE00F98187 /* TaskCategoryViewController.swift */,
				99335ED423EA45B800F98187 /* TaskTimeEstimateViewController.swift */,
				99335ED623EA482700F98187 /* TaskDueDateViewController.swift */,
				99335ED823EA495400F98187 /* TaskTagViewController.swift */,
				99335ED023EA3EE000F98187 /* TaskEditAllViewController.swift */,
			);
			path = "Add Edit Task";
			sourceTree = "<group>";
		};
		99335EE723EB967100F98187 /* Tags */ = {
			isa = PBXGroup;
			children = (
				99335EE123EB8F6400F98187 /* TagsTableViewController.swift */,
				99335EE523EB965700F98187 /* TagDetailViewController.swift */,
				99335EE823EBA0C400F98187 /* TagMapViewController.swift */,
			);
			path = Tags;
			sourceTree = "<group>";
		};
/* End PBXGroup section */

/* Begin PBXNativeTarget section */
		992A4DE523E4EB1B00DEA71F /* TaskProjector */ = {
			isa = PBXNativeTarget;
			buildConfigurationList = 992A4E1023E4EB1E00DEA71F /* Build configuration list for PBXNativeTarget "TaskProjector" */;
			buildPhases = (
				1F0FB1102FD48B843136B065 /* [CP] Check Pods Manifest.lock */,
				992A4DE223E4EB1B00DEA71F /* Sources */,
				992A4DE323E4EB1B00DEA71F /* Frameworks */,
				992A4DE423E4EB1B00DEA71F /* Resources */,
				8938E860B6317B12FB7F52C7 /* [CP] Embed Pods Frameworks */,
				992A4E4223E62FCF00DEA71F /* ShellScript */,
			);
			buildRules = (
			);
			dependencies = (
			);
			name = TaskProjector;
			productName = TaskProjector;
			productReference = 992A4DE623E4EB1B00DEA71F /* TaskProjector.app */;
			productType = "com.apple.product-type.application";
		};
		992A4DFB23E4EB1E00DEA71F /* TaskProjectorTests */ = {
			isa = PBXNativeTarget;
			buildConfigurationList = 992A4E1323E4EB1E00DEA71F /* Build configuration list for PBXNativeTarget "TaskProjectorTests" */;
			buildPhases = (
				1993E3BA9DD511F416317294 /* [CP] Check Pods Manifest.lock */,
				992A4DF823E4EB1E00DEA71F /* Sources */,
				992A4DF923E4EB1E00DEA71F /* Frameworks */,
				992A4DFA23E4EB1E00DEA71F /* Resources */,
			);
			buildRules = (
			);
			dependencies = (
				992A4DFE23E4EB1E00DEA71F /* PBXTargetDependency */,
			);
			name = TaskProjectorTests;
			productName = TaskProjectorTests;
			productReference = 992A4DFC23E4EB1E00DEA71F /* TaskProjectorTests.xctest */;
			productType = "com.apple.product-type.bundle.unit-test";
		};
		992A4E0623E4EB1E00DEA71F /* TaskProjectorUITests */ = {
			isa = PBXNativeTarget;
			buildConfigurationList = 992A4E1623E4EB1E00DEA71F /* Build configuration list for PBXNativeTarget "TaskProjectorUITests" */;
			buildPhases = (
				6392D2771DF626B9A5E6D1A6 /* [CP] Check Pods Manifest.lock */,
				992A4E0323E4EB1E00DEA71F /* Sources */,
				992A4E0423E4EB1E00DEA71F /* Frameworks */,
				992A4E0523E4EB1E00DEA71F /* Resources */,
				DA1E03B4CFD6C113DD74E3B9 /* [CP] Embed Pods Frameworks */,
			);
			buildRules = (
			);
			dependencies = (
				992A4E0923E4EB1E00DEA71F /* PBXTargetDependency */,
			);
			name = TaskProjectorUITests;
			productName = TaskProjectorUITests;
			productReference = 992A4E0723E4EB1E00DEA71F /* TaskProjectorUITests.xctest */;
			productType = "com.apple.product-type.bundle.ui-testing";
		};
/* End PBXNativeTarget section */

/* Begin PBXProject section */
		992A4DDE23E4EB1B00DEA71F /* Project object */ = {
			isa = PBXProject;
			attributes = {
				LastSwiftUpdateCheck = 1130;
				LastUpgradeCheck = 1130;
				ORGANIZATIONNAME = "Jon Bash";
				TargetAttributes = {
					992A4DE523E4EB1B00DEA71F = {
						CreatedOnToolsVersion = 11.3.1;
					};
					992A4DFB23E4EB1E00DEA71F = {
						CreatedOnToolsVersion = 11.3.1;
						TestTargetID = 992A4DE523E4EB1B00DEA71F;
					};
					992A4E0623E4EB1E00DEA71F = {
						CreatedOnToolsVersion = 11.3.1;
						TestTargetID = 992A4DE523E4EB1B00DEA71F;
					};
				};
			};
			buildConfigurationList = 992A4DE123E4EB1B00DEA71F /* Build configuration list for PBXProject "TaskProjector" */;
			compatibilityVersion = "Xcode 9.3";
			developmentRegion = en;
			hasScannedForEncodings = 0;
			knownRegions = (
				en,
				Base,
			);
			mainGroup = 992A4DDD23E4EB1B00DEA71F;
			productRefGroup = 992A4DE723E4EB1B00DEA71F /* Products */;
			projectDirPath = "";
			projectRoot = "";
			targets = (
				992A4DE523E4EB1B00DEA71F /* TaskProjector */,
				992A4DFB23E4EB1E00DEA71F /* TaskProjectorTests */,
				992A4E0623E4EB1E00DEA71F /* TaskProjectorUITests */,
			);
		};
/* End PBXProject section */

/* Begin PBXResourcesBuildPhase section */
		992A4DE423E4EB1B00DEA71F /* Resources */ = {
			isa = PBXResourcesBuildPhase;
			buildActionMask = 2147483647;
			files = (
				992A4E4823E64EEE00DEA71F /* TaskTableViewCell.xib in Resources */,
				992A4E2623E4F36600DEA71F /* NextTasksViewController.xib in Resources */,
				992A4DF623E4EB1E00DEA71F /* LaunchScreen.storyboard in Resources */,
				99335ECC23EA3DA600F98187 /* Main.storyboard in Resources */,
				992A4DF323E4EB1E00DEA71F /* Assets.xcassets in Resources */,
			);
			runOnlyForDeploymentPostprocessing = 0;
		};
		992A4DFA23E4EB1E00DEA71F /* Resources */ = {
			isa = PBXResourcesBuildPhase;
			buildActionMask = 2147483647;
			files = (
			);
			runOnlyForDeploymentPostprocessing = 0;
		};
		992A4E0523E4EB1E00DEA71F /* Resources */ = {
			isa = PBXResourcesBuildPhase;
			buildActionMask = 2147483647;
			files = (
			);
			runOnlyForDeploymentPostprocessing = 0;
		};
/* End PBXResourcesBuildPhase section */

/* Begin PBXShellScriptBuildPhase section */
		1993E3BA9DD511F416317294 /* [CP] Check Pods Manifest.lock */ = {
			isa = PBXShellScriptBuildPhase;
			buildActionMask = 2147483647;
			files = (
			);
			inputFileListPaths = (
			);
			inputPaths = (
				"${PODS_PODFILE_DIR_PATH}/Podfile.lock",
				"${PODS_ROOT}/Manifest.lock",
			);
			name = "[CP] Check Pods Manifest.lock";
			outputFileListPaths = (
			);
			outputPaths = (
				"$(DERIVED_FILE_DIR)/Pods-TaskProjectorTests-checkManifestLockResult.txt",
			);
			runOnlyForDeploymentPostprocessing = 0;
			shellPath = /bin/sh;
			shellScript = "diff \"${PODS_PODFILE_DIR_PATH}/Podfile.lock\" \"${PODS_ROOT}/Manifest.lock\" > /dev/null\nif [ $? != 0 ] ; then\n    # print error to STDERR\n    echo \"error: The sandbox is not in sync with the Podfile.lock. Run 'pod install' or update your CocoaPods installation.\" >&2\n    exit 1\nfi\n# This output is used by Xcode 'outputs' to avoid re-running this script phase.\necho \"SUCCESS\" > \"${SCRIPT_OUTPUT_FILE_0}\"\n";
			showEnvVarsInLog = 0;
		};
		1F0FB1102FD48B843136B065 /* [CP] Check Pods Manifest.lock */ = {
			isa = PBXShellScriptBuildPhase;
			buildActionMask = 2147483647;
			files = (
			);
			inputFileListPaths = (
			);
			inputPaths = (
				"${PODS_PODFILE_DIR_PATH}/Podfile.lock",
				"${PODS_ROOT}/Manifest.lock",
			);
			name = "[CP] Check Pods Manifest.lock";
			outputFileListPaths = (
			);
			outputPaths = (
				"$(DERIVED_FILE_DIR)/Pods-TaskProjector-checkManifestLockResult.txt",
			);
			runOnlyForDeploymentPostprocessing = 0;
			shellPath = /bin/sh;
			shellScript = "diff \"${PODS_PODFILE_DIR_PATH}/Podfile.lock\" \"${PODS_ROOT}/Manifest.lock\" > /dev/null\nif [ $? != 0 ] ; then\n    # print error to STDERR\n    echo \"error: The sandbox is not in sync with the Podfile.lock. Run 'pod install' or update your CocoaPods installation.\" >&2\n    exit 1\nfi\n# This output is used by Xcode 'outputs' to avoid re-running this script phase.\necho \"SUCCESS\" > \"${SCRIPT_OUTPUT_FILE_0}\"\n";
			showEnvVarsInLog = 0;
		};
		6392D2771DF626B9A5E6D1A6 /* [CP] Check Pods Manifest.lock */ = {
			isa = PBXShellScriptBuildPhase;
			buildActionMask = 2147483647;
			files = (
			);
			inputFileListPaths = (
			);
			inputPaths = (
				"${PODS_PODFILE_DIR_PATH}/Podfile.lock",
				"${PODS_ROOT}/Manifest.lock",
			);
			name = "[CP] Check Pods Manifest.lock";
			outputFileListPaths = (
			);
			outputPaths = (
				"$(DERIVED_FILE_DIR)/Pods-TaskProjector-TaskProjectorUITests-checkManifestLockResult.txt",
			);
			runOnlyForDeploymentPostprocessing = 0;
			shellPath = /bin/sh;
			shellScript = "diff \"${PODS_PODFILE_DIR_PATH}/Podfile.lock\" \"${PODS_ROOT}/Manifest.lock\" > /dev/null\nif [ $? != 0 ] ; then\n    # print error to STDERR\n    echo \"error: The sandbox is not in sync with the Podfile.lock. Run 'pod install' or update your CocoaPods installation.\" >&2\n    exit 1\nfi\n# This output is used by Xcode 'outputs' to avoid re-running this script phase.\necho \"SUCCESS\" > \"${SCRIPT_OUTPUT_FILE_0}\"\n";
			showEnvVarsInLog = 0;
		};
		8938E860B6317B12FB7F52C7 /* [CP] Embed Pods Frameworks */ = {
			isa = PBXShellScriptBuildPhase;
			buildActionMask = 2147483647;
			files = (
			);
			inputFileListPaths = (
				"${PODS_ROOT}/Target Support Files/Pods-TaskProjector/Pods-TaskProjector-frameworks-${CONFIGURATION}-input-files.xcfilelist",
			);
			name = "[CP] Embed Pods Frameworks";
			outputFileListPaths = (
				"${PODS_ROOT}/Target Support Files/Pods-TaskProjector/Pods-TaskProjector-frameworks-${CONFIGURATION}-output-files.xcfilelist",
			);
			runOnlyForDeploymentPostprocessing = 0;
			shellPath = /bin/sh;
			shellScript = "\"${PODS_ROOT}/Target Support Files/Pods-TaskProjector/Pods-TaskProjector-frameworks.sh\"\n";
			showEnvVarsInLog = 0;
		};
		992A4E4223E62FCF00DEA71F /* ShellScript */ = {
			isa = PBXShellScriptBuildPhase;
			buildActionMask = 2147483647;
			files = (
			);
			inputFileListPaths = (
			);
			inputPaths = (
			);
			outputFileListPaths = (
			);
			outputPaths = (
			);
			runOnlyForDeploymentPostprocessing = 0;
			shellPath = /bin/sh;
			shellScript = "\"${PODS_ROOT}/SwiftLint/swiftlint\"\n";
		};
		DA1E03B4CFD6C113DD74E3B9 /* [CP] Embed Pods Frameworks */ = {
			isa = PBXShellScriptBuildPhase;
			buildActionMask = 2147483647;
			files = (
			);
			inputFileListPaths = (
				"${PODS_ROOT}/Target Support Files/Pods-TaskProjector-TaskProjectorUITests/Pods-TaskProjector-TaskProjectorUITests-frameworks-${CONFIGURATION}-input-files.xcfilelist",
			);
			name = "[CP] Embed Pods Frameworks";
			outputFileListPaths = (
				"${PODS_ROOT}/Target Support Files/Pods-TaskProjector-TaskProjectorUITests/Pods-TaskProjector-TaskProjectorUITests-frameworks-${CONFIGURATION}-output-files.xcfilelist",
			);
			runOnlyForDeploymentPostprocessing = 0;
			shellPath = /bin/sh;
			shellScript = "\"${PODS_ROOT}/Target Support Files/Pods-TaskProjector-TaskProjectorUITests/Pods-TaskProjector-TaskProjectorUITests-frameworks.sh\"\n";
			showEnvVarsInLog = 0;
		};
/* End PBXShellScriptBuildPhase section */

/* Begin PBXSourcesBuildPhase section */
		992A4DE223E4EB1B00DEA71F /* Sources */ = {
			isa = PBXSourcesBuildPhase;
			buildActionMask = 2147483647;
			files = (
				99335E9E23E746A700F98187 /* TaskController.swift in Sources */,
				99335EDE23EB3EEB00F98187 /* Rescaler.swift in Sources */,
				99335EF323EC789300F98187 /* StoryboardInitializable.swift in Sources */,
				992A4E3123E5005400DEA71F /* TaskGroupType.swift in Sources */,
				994ECC5623ECB5DE004CD42B /* NearbyTasksViewController.swift in Sources */,
				99335EDA23EA5C8E00F98187 /* TaskEditAllViewController.swift in Sources */,
				992A4E4723E64EEE00DEA71F /* TaskTableViewCell.swift in Sources */,
				99335EC423EA11BC00F98187 /* TagPickerView.swift in Sources */,
				99335EBA23E8C03100F98187 /* AddTaskCoordinator.swift in Sources */,
				99335EC623EA144F00F98187 /* String+Constants.swift in Sources */,
				99335E9C23E67BF700F98187 /* UIAlert+Convenience.swift in Sources */,
				992A4DEA23E4EB1B00DEA71F /* AppDelegate.swift in Sources */,
				99335E9A23E67A4C00F98187 /* TaskView.swift in Sources */,
				992A4E2223E4F07E00DEA71F /* MainCoordinator.swift in Sources */,
				99335EC023E8CB5A00F98187 /* CategoryType.swift in Sources */,
				99335EE223EB8F6400F98187 /* TagsTableViewController.swift in Sources */,
				992A4E3523E5006400DEA71F /* NonCompletableState.swift in Sources */,
				99335EE623EB965700F98187 /* TagDetailViewController.swift in Sources */,
				99335ECF23EA3E1A00F98187 /* TaskTitleViewController.swift in Sources */,
				992A4E3723E500E500DEA71F /* Task.swift in Sources */,
				99335E9823E6759800F98187 /* TaskViewDelegate.swift in Sources */,
				992A4E2523E4F36600DEA71F /* NextTasksViewController.swift in Sources */,
				992A4E3B23E500F000DEA71F /* Area.swift in Sources */,
				99335EB223E7B86400F98187 /* TaskCreationClient.swift in Sources */,
				992A4E3323E5005A00DEA71F /* CompletableState.swift in Sources */,
				99335ED323EA43CE00F98187 /* TaskCategoryViewController.swift in Sources */,
				99335EED23EC63A000F98187 /* Tag+MapAnnotation.swift in Sources */,
				99335ED923EA495400F98187 /* TaskTagViewController.swift in Sources */,
				99335EC823EA224B00F98187 /* CategoryPickerDataSource.swift in Sources */,
				99335EE023EB718500F98187 /* DueState.swift in Sources */,
				99335ECA23EA246F00F98187 /* TagPickerDataSource.swift in Sources */,
				99335EA823E7774600F98187 /* TagSubview.swift in Sources */,
				99335EEF23EC652F00F98187 /* LocationHelper.swift in Sources */,
				99335EF523ECA82200F98187 /* Sorting.swift in Sources */,
				992A4DEC23E4EB1B00DEA71F /* SceneDelegate.swift in Sources */,
				99335EE423EB8FAD00F98187 /* TagsCoordinator.swift in Sources */,
				99335ED523EA45B800F98187 /* TaskTimeEstimateViewController.swift in Sources */,
				992A4E3D23E500FC00DEA71F /* Tag.swift in Sources */,
				99335EBC23E8C4E100F98187 /* NewTaskAttribute.swift in Sources */,
				99335EE923EBA0C400F98187 /* TagMapViewController.swift in Sources */,
				99335ED723EA482700F98187 /* TaskDueDateViewController.swift in Sources */,
				99335EB523E879C700F98187 /* AddTaskViewController.swift in Sources */,
				99335EA023E75B2800F98187 /* RealmController.swift in Sources */,
				99335EC223EA0B5E00F98187 /* CategoryPickerView.swift in Sources */,
				992A4E2023E4EF6800DEA71F /* Coordinator.swift in Sources */,
				99335EBE23E8C7A000F98187 /* NextTasksDelegate.swift in Sources */,
				99335EB823E87A2D00F98187 /* ShiftableViewController.swift in Sources */,
				99335EDC23EB36DD00F98187 /* TimeInterval+TimePeriods.swift in Sources */,
				992A4E2C23E4FF2200DEA71F /* Category.swift in Sources */,
				99335EF123EC77B500F98187 /* UIViewController+InitFromSB.swift in Sources */,
			);
			runOnlyForDeploymentPostprocessing = 0;
		};
		992A4DF823E4EB1E00DEA71F /* Sources */ = {
			isa = PBXSourcesBuildPhase;
			buildActionMask = 2147483647;
			files = (
				992A4E0123E4EB1E00DEA71F /* TaskProjectorTests.swift in Sources */,
			);
			runOnlyForDeploymentPostprocessing = 0;
		};
		992A4E0323E4EB1E00DEA71F /* Sources */ = {
			isa = PBXSourcesBuildPhase;
			buildActionMask = 2147483647;
			files = (
				992A4E0C23E4EB1E00DEA71F /* TaskProjectorUITests.swift in Sources */,
			);
			runOnlyForDeploymentPostprocessing = 0;
		};
/* End PBXSourcesBuildPhase section */

/* Begin PBXTargetDependency section */
		992A4DFE23E4EB1E00DEA71F /* PBXTargetDependency */ = {
			isa = PBXTargetDependency;
			target = 992A4DE523E4EB1B00DEA71F /* TaskProjector */;
			targetProxy = 992A4DFD23E4EB1E00DEA71F /* PBXContainerItemProxy */;
		};
		992A4E0923E4EB1E00DEA71F /* PBXTargetDependency */ = {
			isa = PBXTargetDependency;
			target = 992A4DE523E4EB1B00DEA71F /* TaskProjector */;
			targetProxy = 992A4E0823E4EB1E00DEA71F /* PBXContainerItemProxy */;
		};
/* End PBXTargetDependency section */

/* Begin PBXVariantGroup section */
		992A4DF423E4EB1E00DEA71F /* LaunchScreen.storyboard */ = {
			isa = PBXVariantGroup;
			children = (
				992A4DF523E4EB1E00DEA71F /* Base */,
			);
			name = LaunchScreen.storyboard;
			sourceTree = "<group>";
		};
/* End PBXVariantGroup section */

/* Begin XCBuildConfiguration section */
		992A4E0E23E4EB1E00DEA71F /* Debug */ = {
			isa = XCBuildConfiguration;
			buildSettings = {
				ALWAYS_SEARCH_USER_PATHS = NO;
				CLANG_ANALYZER_NONNULL = YES;
				CLANG_ANALYZER_NUMBER_OBJECT_CONVERSION = YES_AGGRESSIVE;
				CLANG_CXX_LANGUAGE_STANDARD = "gnu++14";
				CLANG_CXX_LIBRARY = "libc++";
				CLANG_ENABLE_MODULES = YES;
				CLANG_ENABLE_OBJC_ARC = YES;
				CLANG_ENABLE_OBJC_WEAK = YES;
				CLANG_WARN_BLOCK_CAPTURE_AUTORELEASING = YES;
				CLANG_WARN_BOOL_CONVERSION = YES;
				CLANG_WARN_COMMA = YES;
				CLANG_WARN_CONSTANT_CONVERSION = YES;
				CLANG_WARN_DEPRECATED_OBJC_IMPLEMENTATIONS = YES;
				CLANG_WARN_DIRECT_OBJC_ISA_USAGE = YES_ERROR;
				CLANG_WARN_DOCUMENTATION_COMMENTS = YES;
				CLANG_WARN_EMPTY_BODY = YES;
				CLANG_WARN_ENUM_CONVERSION = YES;
				CLANG_WARN_INFINITE_RECURSION = YES;
				CLANG_WARN_INT_CONVERSION = YES;
				CLANG_WARN_NON_LITERAL_NULL_CONVERSION = YES;
				CLANG_WARN_OBJC_IMPLICIT_RETAIN_SELF = YES;
				CLANG_WARN_OBJC_LITERAL_CONVERSION = YES;
				CLANG_WARN_OBJC_ROOT_CLASS = YES_ERROR;
				CLANG_WARN_RANGE_LOOP_ANALYSIS = YES;
				CLANG_WARN_STRICT_PROTOTYPES = YES;
				CLANG_WARN_SUSPICIOUS_MOVE = YES;
				CLANG_WARN_UNGUARDED_AVAILABILITY = YES_AGGRESSIVE;
				CLANG_WARN_UNREACHABLE_CODE = YES;
				CLANG_WARN__DUPLICATE_METHOD_MATCH = YES;
				COPY_PHASE_STRIP = NO;
				DEBUG_INFORMATION_FORMAT = dwarf;
				ENABLE_STRICT_OBJC_MSGSEND = YES;
				ENABLE_TESTABILITY = YES;
				GCC_C_LANGUAGE_STANDARD = gnu11;
				GCC_DYNAMIC_NO_PIC = NO;
				GCC_NO_COMMON_BLOCKS = YES;
				GCC_OPTIMIZATION_LEVEL = 0;
				GCC_PREPROCESSOR_DEFINITIONS = (
					"DEBUG=1",
					"$(inherited)",
				);
				GCC_WARN_64_TO_32_BIT_CONVERSION = YES;
				GCC_WARN_ABOUT_RETURN_TYPE = YES_ERROR;
				GCC_WARN_UNDECLARED_SELECTOR = YES;
				GCC_WARN_UNINITIALIZED_AUTOS = YES_AGGRESSIVE;
				GCC_WARN_UNUSED_FUNCTION = YES;
				GCC_WARN_UNUSED_VARIABLE = YES;
				IPHONEOS_DEPLOYMENT_TARGET = 13.2;
				MTL_ENABLE_DEBUG_INFO = INCLUDE_SOURCE;
				MTL_FAST_MATH = YES;
				ONLY_ACTIVE_ARCH = YES;
				SDKROOT = iphoneos;
				SWIFT_ACTIVE_COMPILATION_CONDITIONS = DEBUG;
				SWIFT_OPTIMIZATION_LEVEL = "-Onone";
			};
			name = Debug;
		};
		992A4E0F23E4EB1E00DEA71F /* Release */ = {
			isa = XCBuildConfiguration;
			buildSettings = {
				ALWAYS_SEARCH_USER_PATHS = NO;
				CLANG_ANALYZER_NONNULL = YES;
				CLANG_ANALYZER_NUMBER_OBJECT_CONVERSION = YES_AGGRESSIVE;
				CLANG_CXX_LANGUAGE_STANDARD = "gnu++14";
				CLANG_CXX_LIBRARY = "libc++";
				CLANG_ENABLE_MODULES = YES;
				CLANG_ENABLE_OBJC_ARC = YES;
				CLANG_ENABLE_OBJC_WEAK = YES;
				CLANG_WARN_BLOCK_CAPTURE_AUTORELEASING = YES;
				CLANG_WARN_BOOL_CONVERSION = YES;
				CLANG_WARN_COMMA = YES;
				CLANG_WARN_CONSTANT_CONVERSION = YES;
				CLANG_WARN_DEPRECATED_OBJC_IMPLEMENTATIONS = YES;
				CLANG_WARN_DIRECT_OBJC_ISA_USAGE = YES_ERROR;
				CLANG_WARN_DOCUMENTATION_COMMENTS = YES;
				CLANG_WARN_EMPTY_BODY = YES;
				CLANG_WARN_ENUM_CONVERSION = YES;
				CLANG_WARN_INFINITE_RECURSION = YES;
				CLANG_WARN_INT_CONVERSION = YES;
				CLANG_WARN_NON_LITERAL_NULL_CONVERSION = YES;
				CLANG_WARN_OBJC_IMPLICIT_RETAIN_SELF = YES;
				CLANG_WARN_OBJC_LITERAL_CONVERSION = YES;
				CLANG_WARN_OBJC_ROOT_CLASS = YES_ERROR;
				CLANG_WARN_RANGE_LOOP_ANALYSIS = YES;
				CLANG_WARN_STRICT_PROTOTYPES = YES;
				CLANG_WARN_SUSPICIOUS_MOVE = YES;
				CLANG_WARN_UNGUARDED_AVAILABILITY = YES_AGGRESSIVE;
				CLANG_WARN_UNREACHABLE_CODE = YES;
				CLANG_WARN__DUPLICATE_METHOD_MATCH = YES;
				COPY_PHASE_STRIP = NO;
				DEBUG_INFORMATION_FORMAT = "dwarf-with-dsym";
				ENABLE_NS_ASSERTIONS = NO;
				ENABLE_STRICT_OBJC_MSGSEND = YES;
				GCC_C_LANGUAGE_STANDARD = gnu11;
				GCC_NO_COMMON_BLOCKS = YES;
				GCC_WARN_64_TO_32_BIT_CONVERSION = YES;
				GCC_WARN_ABOUT_RETURN_TYPE = YES_ERROR;
				GCC_WARN_UNDECLARED_SELECTOR = YES;
				GCC_WARN_UNINITIALIZED_AUTOS = YES_AGGRESSIVE;
				GCC_WARN_UNUSED_FUNCTION = YES;
				GCC_WARN_UNUSED_VARIABLE = YES;
				IPHONEOS_DEPLOYMENT_TARGET = 13.2;
				MTL_ENABLE_DEBUG_INFO = NO;
				MTL_FAST_MATH = YES;
				SDKROOT = iphoneos;
				SWIFT_COMPILATION_MODE = wholemodule;
				SWIFT_OPTIMIZATION_LEVEL = "-O";
				VALIDATE_PRODUCT = YES;
			};
			name = Release;
		};
		992A4E1123E4EB1E00DEA71F /* Debug */ = {
			isa = XCBuildConfiguration;
			baseConfigurationReference = E72094232E015FC31EC1B7D7 /* Pods-TaskProjector.debug.xcconfig */;
			buildSettings = {
				ASSETCATALOG_COMPILER_APPICON_NAME = AppIcon;
				CODE_SIGN_STYLE = Automatic;
				CURRENT_PROJECT_VERSION = 5;
				DEVELOPMENT_TEAM = 22X3GA956P;
				INFOPLIST_FILE = TaskProjector/Application/Info.plist;
				IPHONEOS_DEPLOYMENT_TARGET = 13.0;
				LD_RUNPATH_SEARCH_PATHS = (
					"$(inherited)",
					"@executable_path/Frameworks",
				);
				MARKETING_VERSION = 0.1.1;
				PRODUCT_BUNDLE_IDENTIFIER = com.jonbash.taskprojector;
				PRODUCT_NAME = "$(TARGET_NAME)";
				SWIFT_VERSION = 5.0;
				TARGETED_DEVICE_FAMILY = 1;
			};
			name = Debug;
		};
		992A4E1223E4EB1E00DEA71F /* Release */ = {
			isa = XCBuildConfiguration;
			baseConfigurationReference = D4FFE3A45CD84EEB5FC94D96 /* Pods-TaskProjector.release.xcconfig */;
			buildSettings = {
				ASSETCATALOG_COMPILER_APPICON_NAME = AppIcon;
				CODE_SIGN_STYLE = Automatic;
				CURRENT_PROJECT_VERSION = 5;
				DEVELOPMENT_TEAM = 22X3GA956P;
				INFOPLIST_FILE = TaskProjector/Application/Info.plist;
				IPHONEOS_DEPLOYMENT_TARGET = 13.0;
				LD_RUNPATH_SEARCH_PATHS = (
					"$(inherited)",
					"@executable_path/Frameworks",
				);
				MARKETING_VERSION = 0.1.1;
				PRODUCT_BUNDLE_IDENTIFIER = com.jonbash.taskprojector;
				PRODUCT_NAME = "$(TARGET_NAME)";
				SWIFT_VERSION = 5.0;
				TARGETED_DEVICE_FAMILY = 1;
			};
			name = Release;
		};
		992A4E1423E4EB1E00DEA71F /* Debug */ = {
			isa = XCBuildConfiguration;
			baseConfigurationReference = 66A1B30D15AD1E3B28A88204 /* Pods-TaskProjectorTests.debug.xcconfig */;
			buildSettings = {
				ALWAYS_EMBED_SWIFT_STANDARD_LIBRARIES = "$(inherited)";
				BUNDLE_LOADER = "$(TEST_HOST)";
				CODE_SIGN_STYLE = Automatic;
				DEVELOPMENT_TEAM = 22X3GA956P;
				INFOPLIST_FILE = TaskProjectorTests/Info.plist;
				IPHONEOS_DEPLOYMENT_TARGET = 13.2;
				LD_RUNPATH_SEARCH_PATHS = (
					"$(inherited)",
					"@executable_path/Frameworks",
					"@loader_path/Frameworks",
				);
				PRODUCT_BUNDLE_IDENTIFIER = com.jonbash.TaskProjectorTests;
				PRODUCT_NAME = "$(TARGET_NAME)";
				SWIFT_VERSION = 5.0;
				TARGETED_DEVICE_FAMILY = "1,2";
				TEST_HOST = "$(BUILT_PRODUCTS_DIR)/TaskProjector.app/TaskProjector";
			};
			name = Debug;
		};
		992A4E1523E4EB1E00DEA71F /* Release */ = {
			isa = XCBuildConfiguration;
			baseConfigurationReference = 1584A00DD3607D161BC5B17F /* Pods-TaskProjectorTests.release.xcconfig */;
			buildSettings = {
				ALWAYS_EMBED_SWIFT_STANDARD_LIBRARIES = "$(inherited)";
				BUNDLE_LOADER = "$(TEST_HOST)";
				CODE_SIGN_STYLE = Automatic;
				DEVELOPMENT_TEAM = 22X3GA956P;
				INFOPLIST_FILE = TaskProjectorTests/Info.plist;
				IPHONEOS_DEPLOYMENT_TARGET = 13.2;
				LD_RUNPATH_SEARCH_PATHS = (
					"$(inherited)",
					"@executable_path/Frameworks",
					"@loader_path/Frameworks",
				);
				PRODUCT_BUNDLE_IDENTIFIER = com.jonbash.TaskProjectorTests;
				PRODUCT_NAME = "$(TARGET_NAME)";
				SWIFT_VERSION = 5.0;
				TARGETED_DEVICE_FAMILY = "1,2";
				TEST_HOST = "$(BUILT_PRODUCTS_DIR)/TaskProjector.app/TaskProjector";
			};
			name = Release;
		};
		992A4E1723E4EB1E00DEA71F /* Debug */ = {
			isa = XCBuildConfiguration;
			baseConfigurationReference = CF6F83FC6EEBE92D041878DA /* Pods-TaskProjector-TaskProjectorUITests.debug.xcconfig */;
			buildSettings = {
				ALWAYS_EMBED_SWIFT_STANDARD_LIBRARIES = "$(inherited)";
				CODE_SIGN_STYLE = Automatic;
				DEVELOPMENT_TEAM = 22X3GA956P;
				INFOPLIST_FILE = TaskProjectorUITests/Info.plist;
				LD_RUNPATH_SEARCH_PATHS = (
					"$(inherited)",
					"@executable_path/Frameworks",
					"@loader_path/Frameworks",
				);
				PRODUCT_BUNDLE_IDENTIFIER = com.jonbash.TaskProjectorUITests;
				PRODUCT_NAME = "$(TARGET_NAME)";
				SWIFT_VERSION = 5.0;
				TARGETED_DEVICE_FAMILY = "1,2";
				TEST_TARGET_NAME = TaskProjector;
			};
			name = Debug;
		};
		992A4E1823E4EB1E00DEA71F /* Release */ = {
			isa = XCBuildConfiguration;
			baseConfigurationReference = 1F440FDF72CFC4F94E5ADE7A /* Pods-TaskProjector-TaskProjectorUITests.release.xcconfig */;
			buildSettings = {
				ALWAYS_EMBED_SWIFT_STANDARD_LIBRARIES = "$(inherited)";
				CODE_SIGN_STYLE = Automatic;
				DEVELOPMENT_TEAM = 22X3GA956P;
				INFOPLIST_FILE = TaskProjectorUITests/Info.plist;
				LD_RUNPATH_SEARCH_PATHS = (
					"$(inherited)",
					"@executable_path/Frameworks",
					"@loader_path/Frameworks",
				);
				PRODUCT_BUNDLE_IDENTIFIER = com.jonbash.TaskProjectorUITests;
				PRODUCT_NAME = "$(TARGET_NAME)";
				SWIFT_VERSION = 5.0;
				TARGETED_DEVICE_FAMILY = "1,2";
				TEST_TARGET_NAME = TaskProjector;
			};
			name = Release;
		};
/* End XCBuildConfiguration section */

/* Begin XCConfigurationList section */
		992A4DE123E4EB1B00DEA71F /* Build configuration list for PBXProject "TaskProjector" */ = {
			isa = XCConfigurationList;
			buildConfigurations = (
				992A4E0E23E4EB1E00DEA71F /* Debug */,
				992A4E0F23E4EB1E00DEA71F /* Release */,
			);
			defaultConfigurationIsVisible = 0;
			defaultConfigurationName = Release;
		};
		992A4E1023E4EB1E00DEA71F /* Build configuration list for PBXNativeTarget "TaskProjector" */ = {
			isa = XCConfigurationList;
			buildConfigurations = (
				992A4E1123E4EB1E00DEA71F /* Debug */,
				992A4E1223E4EB1E00DEA71F /* Release */,
			);
			defaultConfigurationIsVisible = 0;
			defaultConfigurationName = Release;
		};
		992A4E1323E4EB1E00DEA71F /* Build configuration list for PBXNativeTarget "TaskProjectorTests" */ = {
			isa = XCConfigurationList;
			buildConfigurations = (
				992A4E1423E4EB1E00DEA71F /* Debug */,
				992A4E1523E4EB1E00DEA71F /* Release */,
			);
			defaultConfigurationIsVisible = 0;
			defaultConfigurationName = Release;
		};
		992A4E1623E4EB1E00DEA71F /* Build configuration list for PBXNativeTarget "TaskProjectorUITests" */ = {
			isa = XCConfigurationList;
			buildConfigurations = (
				992A4E1723E4EB1E00DEA71F /* Debug */,
				992A4E1823E4EB1E00DEA71F /* Release */,
			);
			defaultConfigurationIsVisible = 0;
			defaultConfigurationName = Release;
		};
/* End XCConfigurationList section */
	};
	rootObject = 992A4DDE23E4EB1B00DEA71F /* Project object */;
}
